
Microsoft Visual Studio Solution File, Format Version 12.00
# Visual Studio Version 16
VisualStudioVersion = 16.0.30114.105
MinimumVisualStudioVersion = 10.0.40219.1
Project("{FAE04EC0-301F-11D3-BF4B-00C04F79EFBC}") = "Tools", "Tools\Tools.csproj", "{0CA93EB9-4E25-46C6-94D2-0F97137A1606}"
EndProject
Project("{FAE04EC0-301F-11D3-BF4B-00C04F79EFBC}") = "Native.Sdk", "Native.Sdk\Native.Sdk.csproj", "{D7A958B3-79D9-49F8-8BB4-9619BAB6ECBA}"
EndProject
Project("{FAE04EC0-301F-11D3-BF4B-00C04F79EFBC}") = "Native.Core", "Native.Core\Native.Core.csproj", "{C03C5BB7-91D0-4894-AAF9-127090DFAD91}"
EndProject
Project("{FAE04EC0-301F-11D3-BF4B-00C04F79EFBC}") = "cc.wnapp.whuHelper.Code", "cc.wnapp.whuHelper.Code\cc.wnapp.whuHelper.Code.csproj", "{1A356D6F-1C6E-49C2-854F-B06C5941C061}"
EndProject
Project("{FAE04EC0-301F-11D3-BF4B-00C04F79EFBC}") = "cc.wnapp.whuHelper.UI", "cc.wnapp.whuHelper.UI\cc.wnapp.whuHelper.UI.csproj", "{A72BD0FD-B8FB-4C0E-A1CE-22DD27A8C3A4}"
EndProject
Project("{FAE04EC0-301F-11D3-BF4B-00C04F79EFBC}") = "教务系统登录与信息获取", "教务系统登录与信息获取\教务系统登录与信息获取.csproj", "{707D635B-4512-4FD0-ABDF-D786687CE655}"
EndProject
Project("{FAE04EC0-301F-11D3-BF4B-00C04F79EFBC}") = "GithubWatcher", "GithubWatcher\GithubWatcher.csproj", "{36121AD5-6EA0-42F0-81F8-F8ACB0318446}"
EndProject
Project("{FAE04EC0-301F-11D3-BF4B-00C04F79EFBC}") = "GithubWatcher.Tests", "GithubWatcher.Tests\GithubWatcher.Tests.csproj", "{C253FB7E-D3E1-4AAD-A797-4062555EB6AD}"
EndProject
Project("{FAE04EC0-301F-11D3-BF4B-00C04F79EFBC}") = "Attention", "Attention\Attention.csproj", "{82C08346-1866-427C-A7AE-0BE41852C11D}"
EndProject
Project("{FAE04EC0-301F-11D3-BF4B-00C04F79EFBC}") = "ComputeScore", "ComputeScore\ComputeScore.csproj", "{BF3C91D0-65C7-40A2-BC0C-4CC59C7B3EA4}"
EndProject
Project("{FAE04EC0-301F-11D3-BF4B-00C04F79EFBC}") = "Schedule", "Calendar\Schedule.csproj", "{DE02FB93-DA23-4D69-8CE7-85FFB929B901}"
EndProject
Project("{FAE04EC0-301F-11D3-BF4B-00C04F79EFBC}") = "CourseFunction", "CourseService\CourseFunction.csproj", "{545676BF-2459-453C-A3A5-042DF3E943B4}"
EndProject
Global
	GlobalSection(SolutionConfigurationPlatforms) = preSolution
		Debug|Any CPU = Debug|Any CPU
		Debug|x86 = Debug|x86
		Release|Any CPU = Release|Any CPU
		Release|x86 = Release|x86
	EndGlobalSection
	GlobalSection(ProjectConfigurationPlatforms) = postSolution
		{0CA93EB9-4E25-46C6-94D2-0F97137A1606}.Debug|Any CPU.ActiveCfg = Debug|x86
		{0CA93EB9-4E25-46C6-94D2-0F97137A1606}.Debug|x86.ActiveCfg = Debug|x86
		{0CA93EB9-4E25-46C6-94D2-0F97137A1606}.Debug|x86.Build.0 = Debug|x86
		{0CA93EB9-4E25-46C6-94D2-0F97137A1606}.Release|Any CPU.ActiveCfg = Release|x86
		{0CA93EB9-4E25-46C6-94D2-0F97137A1606}.Release|x86.ActiveCfg = Release|x86
		{0CA93EB9-4E25-46C6-94D2-0F97137A1606}.Release|x86.Build.0 = Release|x86
		{D7A958B3-79D9-49F8-8BB4-9619BAB6ECBA}.Debug|Any CPU.ActiveCfg = Debug|x86
		{D7A958B3-79D9-49F8-8BB4-9619BAB6ECBA}.Debug|x86.ActiveCfg = Debug|x86
		{D7A958B3-79D9-49F8-8BB4-9619BAB6ECBA}.Debug|x86.Build.0 = Debug|x86
		{D7A958B3-79D9-49F8-8BB4-9619BAB6ECBA}.Release|Any CPU.ActiveCfg = Release|x86
		{D7A958B3-79D9-49F8-8BB4-9619BAB6ECBA}.Release|x86.ActiveCfg = Release|x86
		{D7A958B3-79D9-49F8-8BB4-9619BAB6ECBA}.Release|x86.Build.0 = Release|x86
		{C03C5BB7-91D0-4894-AAF9-127090DFAD91}.Debug|Any CPU.ActiveCfg = Debug|x86
		{C03C5BB7-91D0-4894-AAF9-127090DFAD91}.Debug|x86.ActiveCfg = Debug|x86
		{C03C5BB7-91D0-4894-AAF9-127090DFAD91}.Debug|x86.Build.0 = Debug|x86
		{C03C5BB7-91D0-4894-AAF9-127090DFAD91}.Release|Any CPU.ActiveCfg = Release|x86
		{C03C5BB7-91D0-4894-AAF9-127090DFAD91}.Release|x86.ActiveCfg = Release|x86
		{C03C5BB7-91D0-4894-AAF9-127090DFAD91}.Release|x86.Build.0 = Release|x86
		{1A356D6F-1C6E-49C2-854F-B06C5941C061}.Debug|Any CPU.ActiveCfg = Debug|Any CPU
		{1A356D6F-1C6E-49C2-854F-B06C5941C061}.Debug|Any CPU.Build.0 = Debug|Any CPU
		{1A356D6F-1C6E-49C2-854F-B06C5941C061}.Debug|x86.ActiveCfg = Debug|x86
		{1A356D6F-1C6E-49C2-854F-B06C5941C061}.Debug|x86.Build.0 = Debug|x86
		{1A356D6F-1C6E-49C2-854F-B06C5941C061}.Release|Any CPU.ActiveCfg = Release|Any CPU
		{1A356D6F-1C6E-49C2-854F-B06C5941C061}.Release|Any CPU.Build.0 = Release|Any CPU
		{1A356D6F-1C6E-49C2-854F-B06C5941C061}.Release|x86.ActiveCfg = Release|Any CPU
		{1A356D6F-1C6E-49C2-854F-B06C5941C061}.Release|x86.Build.0 = Release|Any CPU
		{A72BD0FD-B8FB-4C0E-A1CE-22DD27A8C3A4}.Debug|Any CPU.ActiveCfg = Debug|Any CPU
		{A72BD0FD-B8FB-4C0E-A1CE-22DD27A8C3A4}.Debug|Any CPU.Build.0 = Debug|Any CPU
		{A72BD0FD-B8FB-4C0E-A1CE-22DD27A8C3A4}.Debug|x86.ActiveCfg = Debug|x86
		{A72BD0FD-B8FB-4C0E-A1CE-22DD27A8C3A4}.Debug|x86.Build.0 = Debug|x86
		{A72BD0FD-B8FB-4C0E-A1CE-22DD27A8C3A4}.Release|Any CPU.ActiveCfg = Release|Any CPU
		{A72BD0FD-B8FB-4C0E-A1CE-22DD27A8C3A4}.Release|Any CPU.Build.0 = Release|Any CPU
		{A72BD0FD-B8FB-4C0E-A1CE-22DD27A8C3A4}.Release|x86.ActiveCfg = Release|Any CPU
		{A72BD0FD-B8FB-4C0E-A1CE-22DD27A8C3A4}.Release|x86.Build.0 = Release|Any CPU
		{707D635B-4512-4FD0-ABDF-D786687CE655}.Debug|Any CPU.ActiveCfg = Debug|Any CPU
		{707D635B-4512-4FD0-ABDF-D786687CE655}.Debug|Any CPU.Build.0 = Debug|Any CPU
		{707D635B-4512-4FD0-ABDF-D786687CE655}.Debug|x86.ActiveCfg = Debug|x86
		{707D635B-4512-4FD0-ABDF-D786687CE655}.Debug|x86.Build.0 = Debug|x86
		{707D635B-4512-4FD0-ABDF-D786687CE655}.Release|Any CPU.ActiveCfg = Release|Any CPU
		{707D635B-4512-4FD0-ABDF-D786687CE655}.Release|Any CPU.Build.0 = Release|Any CPU
		{707D635B-4512-4FD0-ABDF-D786687CE655}.Release|x86.ActiveCfg = Release|Any CPU
		{707D635B-4512-4FD0-ABDF-D786687CE655}.Release|x86.Build.0 = Release|Any CPU
		{36121AD5-6EA0-42F0-81F8-F8ACB0318446}.Debug|Any CPU.ActiveCfg = Debug|Any CPU
		{36121AD5-6EA0-42F0-81F8-F8ACB0318446}.Debug|Any CPU.Build.0 = Debug|Any CPU
		{36121AD5-6EA0-42F0-81F8-F8ACB0318446}.Debug|x86.ActiveCfg = Debug|x86
		{36121AD5-6EA0-42F0-81F8-F8ACB0318446}.Debug|x86.Build.0 = Debug|x86
		{36121AD5-6EA0-42F0-81F8-F8ACB0318446}.Release|Any CPU.ActiveCfg = Release|Any CPU
		{36121AD5-6EA0-42F0-81F8-F8ACB0318446}.Release|Any CPU.Build.0 = Release|Any CPU
		{36121AD5-6EA0-42F0-81F8-F8ACB0318446}.Release|x86.ActiveCfg = Release|Any CPU
		{36121AD5-6EA0-42F0-81F8-F8ACB0318446}.Release|x86.Build.0 = Release|Any CPU
		{C253FB7E-D3E1-4AAD-A797-4062555EB6AD}.Debug|Any CPU.ActiveCfg = Debug|Any CPU
		{C253FB7E-D3E1-4AAD-A797-4062555EB6AD}.Debug|Any CPU.Build.0 = Debug|Any CPU
		{C253FB7E-D3E1-4AAD-A797-4062555EB6AD}.Debug|x86.ActiveCfg = Debug|x86
		{C253FB7E-D3E1-4AAD-A797-4062555EB6AD}.Debug|x86.Build.0 = Debug|x86
		{C253FB7E-D3E1-4AAD-A797-4062555EB6AD}.Release|Any CPU.ActiveCfg = Release|Any CPU
		{C253FB7E-D3E1-4AAD-A797-4062555EB6AD}.Release|Any CPU.Build.0 = Release|Any CPU
		{C253FB7E-D3E1-4AAD-A797-4062555EB6AD}.Release|x86.ActiveCfg = Release|Any CPU
		{C253FB7E-D3E1-4AAD-A797-4062555EB6AD}.Release|x86.Build.0 = Release|Any CPU
		{82C08346-1866-427C-A7AE-0BE41852C11D}.Debug|Any CPU.ActiveCfg = Debug|Any CPU
		{82C08346-1866-427C-A7AE-0BE41852C11D}.Debug|Any CPU.Build.0 = Debug|Any CPU
		{82C08346-1866-427C-A7AE-0BE41852C11D}.Debug|x86.ActiveCfg = Debug|x86
		{82C08346-1866-427C-A7AE-0BE41852C11D}.Debug|x86.Build.0 = Debug|x86
		{82C08346-1866-427C-A7AE-0BE41852C11D}.Release|Any CPU.ActiveCfg = Release|Any CPU
		{82C08346-1866-427C-A7AE-0BE41852C11D}.Release|Any CPU.Build.0 = Release|Any CPU
		{82C08346-1866-427C-A7AE-0BE41852C11D}.Release|x86.ActiveCfg = Release|Any CPU
		{82C08346-1866-427C-A7AE-0BE41852C11D}.Release|x86.Build.0 = Release|Any CPU
		{BF3C91D0-65C7-40A2-BC0C-4CC59C7B3EA4}.Debug|Any CPU.ActiveCfg = Debug|Any CPU
		{BF3C91D0-65C7-40A2-BC0C-4CC59C7B3EA4}.Debug|Any CPU.Build.0 = Debug|Any CPU
		{BF3C91D0-65C7-40A2-BC0C-4CC59C7B3EA4}.Debug|x86.ActiveCfg = Debug|x86
		{BF3C91D0-65C7-40A2-BC0C-4CC59C7B3EA4}.Debug|x86.Build.0 = Debug|x86
		{BF3C91D0-65C7-40A2-BC0C-4CC59C7B3EA4}.Release|Any CPU.ActiveCfg = Release|Any CPU
		{BF3C91D0-65C7-40A2-BC0C-4CC59C7B3EA4}.Release|Any CPU.Build.0 = Release|Any CPU
		{BF3C91D0-65C7-40A2-BC0C-4CC59C7B3EA4}.Release|x86.ActiveCfg = Release|Any CPU
		{BF3C91D0-65C7-40A2-BC0C-4CC59C7B3EA4}.Release|x86.Build.0 = Release|Any CPU
		{DE02FB93-DA23-4D69-8CE7-85FFB929B901}.Debug|Any CPU.ActiveCfg = Debug|Any CPU
		{DE02FB93-DA23-4D69-8CE7-85FFB929B901}.Debug|Any CPU.Build.0 = Debug|Any CPU
		{DE02FB93-DA23-4D69-8CE7-85FFB929B901}.Debug|x86.ActiveCfg = Debug|x86
		{DE02FB93-DA23-4D69-8CE7-85FFB929B901}.Debug|x86.Build.0 = Debug|x86
		{DE02FB93-DA23-4D69-8CE7-85FFB929B901}.Release|Any CPU.ActiveCfg = Release|Any CPU
		{DE02FB93-DA23-4D69-8CE7-85FFB929B901}.Release|Any CPU.Build.0 = Release|Any CPU
		{DE02FB93-DA23-4D69-8CE7-85FFB929B901}.Release|x86.ActiveCfg = Release|x86
		{DE02FB93-DA23-4D69-8CE7-85FFB929B901}.Release|x86.Build.0 = Release|x86
		{545676BF-2459-453C-A3A5-042DF3E943B4}.Debug|Any CPU.ActiveCfg = Debug|Any CPU
		{545676BF-2459-453C-A3A5-042DF3E943B4}.Debug|Any CPU.Build.0 = Debug|Any CPU
		{545676BF-2459-453C-A3A5-042DF3E943B4}.Debug|x86.ActiveCfg = Debug|x86
		{545676BF-2459-453C-A3A5-042DF3E943B4}.Debug|x86.Build.0 = Debug|x86
		{545676BF-2459-453C-A3A5-042DF3E943B4}.Release|Any CPU.ActiveCfg = Release|Any CPU
		{545676BF-2459-453C-A3A5-042DF3E943B4}.Release|Any CPU.Build.0 = Release|Any CPU
		{545676BF-2459-453C-A3A5-042DF3E943B4}.Release|x86.ActiveCfg = Release|Any CPU
		{545676BF-2459-453C-A3A5-042DF3E943B4}.Release|x86.Build.0 = Release|Any CPU
	EndGlobalSection
	GlobalSection(SolutionProperties) = preSolution
		HideSolutionNode = FALSE
	EndGlobalSection
	GlobalSection(ExtensibilityGlobals) = postSolution
		SolutionGuid = {8DE40376-02CE-449B-A7A5-ED45655F19B1}
	EndGlobalSection
EndGlobal
